
Microsoft Visual Studio Solution File, Format Version 12.00
# Visual Studio Version 17
VisualStudioVersion = 17.3.32901.215
MinimumVisualStudioVersion = 10.0.40219.1
Project("{8BC9CEB8-8B4A-11D0-8D11-00A0C91BC942}") = "lab_17_14", "lab_17_14\lab_17_14.vcxproj", "{45CA0DAC-D04E-4810-9CD9-D2ABD14C2DFA}"
EndProject
Global
	GlobalSection(SolutionConfigurationPlatforms) = preSolution
		Debug|x64 = Debug|x64
		Debug|x86 = Debug|x86
		Release|x64 = Release|x64
		Release|x86 = Release|x86
	EndGlobalSection
	GlobalSection(ProjectConfigurationPlatforms) = postSolution
		{45CA0DAC-D04E-4810-9CD9-D2ABD14C2DFA}.Debug|x64.ActiveCfg = Debug|x64
		{45CA0DAC-D04E-4810-9CD9-D2ABD14C2DFA}.Debug|x64.Build.0 = Debug|x64
		{45CA0DAC-D04E-4810-9CD9-D2ABD14C2DFA}.Debug|x86.ActiveCfg = Debug|Win32
		{45CA0DAC-D04E-4810-9CD9-D2ABD14C2DFA}.Debug|x86.Build.0 = Debug|Win32
		{45CA0DAC-D04E-4810-9CD9-D2ABD14C2DFA}.Release|x64.ActiveCfg = Release|x64
		{45CA0DAC-D04E-4810-9CD9-D2ABD14C2DFA}.Release|x64.Build.0 = Release|x64
		{45CA0DAC-D04E-4810-9CD9-D2ABD14C2DFA}.Release|x86.ActiveCfg = Release|Win32
		{45CA0DAC-D04E-4810-9CD9-D2ABD14C2DFA}.Release|x86.Build.0 = Release|Win32
	EndGlobalSection
	GlobalSection(SolutionProperties) = preSolution
		HideSolutionNode = FALSE
	EndGlobalSection
	GlobalSection(ExtensibilityGlobals) = postSolution
		SolutionGuid = {7DEB205D-1D18-4FA7-AE5E-8108D69D9E3B}
	EndGlobalSection
EndGlobal
